
Microsoft Visual Studio Solution File, Format Version 12.00
# Visual Studio 15
VisualStudioVersion = 15.0.27004.2002
MinimumVisualStudioVersion = 10.0.40219.1
Project("{FAE04EC0-301F-11D3-BF4B-00C04F79EFBC}") = "QuizAmoroso.Android", "QuizAmoroso\QuizAmoroso.Android\QuizAmoroso.Android.csproj", "{61CDD5DB-EBD0-4D24-BE8B-19A55D22C6C9}"
EndProject
Project("{FAE04EC0-301F-11D3-BF4B-00C04F79EFBC}") = "QuizAmoroso", "QuizAmoroso\QuizAmoroso\QuizAmoroso.csproj", "{C67A1C54-F6CA-4736-8381-056A681C1D1C}"
EndProject
Project("{FAE04EC0-301F-11D3-BF4B-00C04F79EFBC}") = "QuizAmoroso.iOS", "QuizAmoroso\QuizAmoroso.iOS\QuizAmoroso.iOS.csproj", "{AEEBBFCD-1664-4D0A-9B75-F876EEE39F78}"
EndProject
Project("{FAE04EC0-301F-11D3-BF4B-00C04F79EFBC}") = "QuizAmoroso.UWP", "QuizAmoroso.uwp\QuizAmoroso.UWP.csproj", "{BF915A0C-3597-4FC8-A9BD-E8034F62C582}"
EndProject
Global
	GlobalSection(SolutionConfigurationPlatforms) = preSolution
		Ad-Hoc|Any CPU = Ad-Hoc|Any CPU
		Ad-Hoc|ARM = Ad-Hoc|ARM
		Ad-Hoc|iPhone = Ad-Hoc|iPhone
		Ad-Hoc|iPhoneSimulator = Ad-Hoc|iPhoneSimulator
		Ad-Hoc|x64 = Ad-Hoc|x64
		Ad-Hoc|x86 = Ad-Hoc|x86
		AppStore|Any CPU = AppStore|Any CPU
		AppStore|ARM = AppStore|ARM
		AppStore|iPhone = AppStore|iPhone
		AppStore|iPhoneSimulator = AppStore|iPhoneSimulator
		AppStore|x64 = AppStore|x64
		AppStore|x86 = AppStore|x86
		Debug|Any CPU = Debug|Any CPU
		Debug|ARM = Debug|ARM
		Debug|iPhone = Debug|iPhone
		Debug|iPhoneSimulator = Debug|iPhoneSimulator
		Debug|x64 = Debug|x64
		Debug|x86 = Debug|x86
		Release|Any CPU = Release|Any CPU
		Release|ARM = Release|ARM
		Release|iPhone = Release|iPhone
		Release|iPhoneSimulator = Release|iPhoneSimulator
		Release|x64 = Release|x64
		Release|x86 = Release|x86
	EndGlobalSection
	GlobalSection(ProjectConfigurationPlatforms) = postSolution
		{61CDD5DB-EBD0-4D24-BE8B-19A55D22C6C9}.Ad-Hoc|Any CPU.ActiveCfg = Release|Any CPU
		{61CDD5DB-EBD0-4D24-BE8B-19A55D22C6C9}.Ad-Hoc|Any CPU.Build.0 = Release|Any CPU
		{61CDD5DB-EBD0-4D24-BE8B-19A55D22C6C9}.Ad-Hoc|Any CPU.Deploy.0 = Release|Any CPU
		{61CDD5DB-EBD0-4D24-BE8B-19A55D22C6C9}.Ad-Hoc|ARM.ActiveCfg = Debug|Any CPU
		{61CDD5DB-EBD0-4D24-BE8B-19A55D22C6C9}.Ad-Hoc|ARM.Build.0 = Debug|Any CPU
		{61CDD5DB-EBD0-4D24-BE8B-19A55D22C6C9}.Ad-Hoc|ARM.Deploy.0 = Debug|Any CPU
		{61CDD5DB-EBD0-4D24-BE8B-19A55D22C6C9}.Ad-Hoc|iPhone.ActiveCfg = Release|Any CPU
		{61CDD5DB-EBD0-4D24-BE8B-19A55D22C6C9}.Ad-Hoc|iPhone.Build.0 = Release|Any CPU
		{61CDD5DB-EBD0-4D24-BE8B-19A55D22C6C9}.Ad-Hoc|iPhone.Deploy.0 = Release|Any CPU
		{61CDD5DB-EBD0-4D24-BE8B-19A55D22C6C9}.Ad-Hoc|iPhoneSimulator.ActiveCfg = Release|Any CPU
		{61CDD5DB-EBD0-4D24-BE8B-19A55D22C6C9}.Ad-Hoc|iPhoneSimulator.Build.0 = Release|Any CPU
		{61CDD5DB-EBD0-4D24-BE8B-19A55D22C6C9}.Ad-Hoc|iPhoneSimulator.Deploy.0 = Release|Any CPU
		{61CDD5DB-EBD0-4D24-BE8B-19A55D22C6C9}.Ad-Hoc|x64.ActiveCfg = Debug|Any CPU
		{61CDD5DB-EBD0-4D24-BE8B-19A55D22C6C9}.Ad-Hoc|x64.Build.0 = Debug|Any CPU
		{61CDD5DB-EBD0-4D24-BE8B-19A55D22C6C9}.Ad-Hoc|x64.Deploy.0 = Debug|Any CPU
		{61CDD5DB-EBD0-4D24-BE8B-19A55D22C6C9}.Ad-Hoc|x86.ActiveCfg = Debug|Any CPU
		{61CDD5DB-EBD0-4D24-BE8B-19A55D22C6C9}.Ad-Hoc|x86.Build.0 = Debug|Any CPU
		{61CDD5DB-EBD0-4D24-BE8B-19A55D22C6C9}.Ad-Hoc|x86.Deploy.0 = Debug|Any CPU
		{61CDD5DB-EBD0-4D24-BE8B-19A55D22C6C9}.AppStore|Any CPU.ActiveCfg = Release|Any CPU
		{61CDD5DB-EBD0-4D24-BE8B-19A55D22C6C9}.AppStore|Any CPU.Build.0 = Release|Any CPU
		{61CDD5DB-EBD0-4D24-BE8B-19A55D22C6C9}.AppStore|Any CPU.Deploy.0 = Release|Any CPU
		{61CDD5DB-EBD0-4D24-BE8B-19A55D22C6C9}.AppStore|ARM.ActiveCfg = Debug|Any CPU
		{61CDD5DB-EBD0-4D24-BE8B-19A55D22C6C9}.AppStore|ARM.Build.0 = Debug|Any CPU
		{61CDD5DB-EBD0-4D24-BE8B-19A55D22C6C9}.AppStore|ARM.Deploy.0 = Debug|Any CPU
		{61CDD5DB-EBD0-4D24-BE8B-19A55D22C6C9}.AppStore|iPhone.ActiveCfg = Release|Any CPU
		{61CDD5DB-EBD0-4D24-BE8B-19A55D22C6C9}.AppStore|iPhone.Build.0 = Release|Any CPU
		{61CDD5DB-EBD0-4D24-BE8B-19A55D22C6C9}.AppStore|iPhone.Deploy.0 = Release|Any CPU
		{61CDD5DB-EBD0-4D24-BE8B-19A55D22C6C9}.AppStore|iPhoneSimulator.ActiveCfg = Release|Any CPU
		{61CDD5DB-EBD0-4D24-BE8B-19A55D22C6C9}.AppStore|iPhoneSimulator.Build.0 = Release|Any CPU
		{61CDD5DB-EBD0-4D24-BE8B-19A55D22C6C9}.AppStore|iPhoneSimulator.Deploy.0 = Release|Any CPU
		{61CDD5DB-EBD0-4D24-BE8B-19A55D22C6C9}.AppStore|x64.ActiveCfg = Debug|Any CPU
		{61CDD5DB-EBD0-4D24-BE8B-19A55D22C6C9}.AppStore|x64.Build.0 = Debug|Any CPU
		{61CDD5DB-EBD0-4D24-BE8B-19A55D22C6C9}.AppStore|x64.Deploy.0 = Debug|Any CPU
		{61CDD5DB-EBD0-4D24-BE8B-19A55D22C6C9}.AppStore|x86.ActiveCfg = Debug|Any CPU
		{61CDD5DB-EBD0-4D24-BE8B-19A55D22C6C9}.AppStore|x86.Build.0 = Debug|Any CPU
		{61CDD5DB-EBD0-4D24-BE8B-19A55D22C6C9}.AppStore|x86.Deploy.0 = Debug|Any CPU
		{61CDD5DB-EBD0-4D24-BE8B-19A55D22C6C9}.Debug|Any CPU.ActiveCfg = Debug|Any CPU
		{61CDD5DB-EBD0-4D24-BE8B-19A55D22C6C9}.Debug|Any CPU.Build.0 = Debug|Any CPU
		{61CDD5DB-EBD0-4D24-BE8B-19A55D22C6C9}.Debug|Any CPU.Deploy.0 = Debug|Any CPU
		{61CDD5DB-EBD0-4D24-BE8B-19A55D22C6C9}.Debug|ARM.ActiveCfg = Debug|Any CPU
		{61CDD5DB-EBD0-4D24-BE8B-19A55D22C6C9}.Debug|ARM.Build.0 = Debug|Any CPU
		{61CDD5DB-EBD0-4D24-BE8B-19A55D22C6C9}.Debug|ARM.Deploy.0 = Debug|Any CPU
		{61CDD5DB-EBD0-4D24-BE8B-19A55D22C6C9}.Debug|iPhone.ActiveCfg = Debug|Any CPU
		{61CDD5DB-EBD0-4D24-BE8B-19A55D22C6C9}.Debug|iPhone.Build.0 = Debug|Any CPU
		{61CDD5DB-EBD0-4D24-BE8B-19A55D22C6C9}.Debug|iPhone.Deploy.0 = Debug|Any CPU
		{61CDD5DB-EBD0-4D24-BE8B-19A55D22C6C9}.Debug|iPhoneSimulator.ActiveCfg = Debug|Any CPU
		{61CDD5DB-EBD0-4D24-BE8B-19A55D22C6C9}.Debug|iPhoneSimulator.Build.0 = Debug|Any CPU
		{61CDD5DB-EBD0-4D24-BE8B-19A55D22C6C9}.Debug|iPhoneSimulator.Deploy.0 = Debug|Any CPU
		{61CDD5DB-EBD0-4D24-BE8B-19A55D22C6C9}.Debug|x64.ActiveCfg = Debug|Any CPU
		{61CDD5DB-EBD0-4D24-BE8B-19A55D22C6C9}.Debug|x64.Build.0 = Debug|Any CPU
		{61CDD5DB-EBD0-4D24-BE8B-19A55D22C6C9}.Debug|x64.Deploy.0 = Debug|Any CPU
		{61CDD5DB-EBD0-4D24-BE8B-19A55D22C6C9}.Debug|x86.ActiveCfg = Debug|Any CPU
		{61CDD5DB-EBD0-4D24-BE8B-19A55D22C6C9}.Debug|x86.Build.0 = Debug|Any CPU
		{61CDD5DB-EBD0-4D24-BE8B-19A55D22C6C9}.Debug|x86.Deploy.0 = Debug|Any CPU
		{61CDD5DB-EBD0-4D24-BE8B-19A55D22C6C9}.Release|Any CPU.ActiveCfg = Release|Any CPU
		{61CDD5DB-EBD0-4D24-BE8B-19A55D22C6C9}.Release|Any CPU.Build.0 = Release|Any CPU
		{61CDD5DB-EBD0-4D24-BE8B-19A55D22C6C9}.Release|Any CPU.Deploy.0 = Release|Any CPU
		{61CDD5DB-EBD0-4D24-BE8B-19A55D22C6C9}.Release|ARM.ActiveCfg = Release|Any CPU
		{61CDD5DB-EBD0-4D24-BE8B-19A55D22C6C9}.Release|ARM.Build.0 = Release|Any CPU
		{61CDD5DB-EBD0-4D24-BE8B-19A55D22C6C9}.Release|ARM.Deploy.0 = Release|Any CPU
		{61CDD5DB-EBD0-4D24-BE8B-19A55D22C6C9}.Release|iPhone.ActiveCfg = Release|Any CPU
		{61CDD5DB-EBD0-4D24-BE8B-19A55D22C6C9}.Release|iPhone.Build.0 = Release|Any CPU
		{61CDD5DB-EBD0-4D24-BE8B-19A55D22C6C9}.Release|iPhone.Deploy.0 = Release|Any CPU
		{61CDD5DB-EBD0-4D24-BE8B-19A55D22C6C9}.Release|iPhoneSimulator.ActiveCfg = Release|Any CPU
		{61CDD5DB-EBD0-4D24-BE8B-19A55D22C6C9}.Release|iPhoneSimulator.Build.0 = Release|Any CPU
		{61CDD5DB-EBD0-4D24-BE8B-19A55D22C6C9}.Release|iPhoneSimulator.Deploy.0 = Release|Any CPU
		{61CDD5DB-EBD0-4D24-BE8B-19A55D22C6C9}.Release|x64.ActiveCfg = Release|Any CPU
		{61CDD5DB-EBD0-4D24-BE8B-19A55D22C6C9}.Release|x64.Build.0 = Release|Any CPU
		{61CDD5DB-EBD0-4D24-BE8B-19A55D22C6C9}.Release|x64.Deploy.0 = Release|Any CPU
		{61CDD5DB-EBD0-4D24-BE8B-19A55D22C6C9}.Release|x86.ActiveCfg = Release|Any CPU
		{61CDD5DB-EBD0-4D24-BE8B-19A55D22C6C9}.Release|x86.Build.0 = Release|Any CPU
		{61CDD5DB-EBD0-4D24-BE8B-19A55D22C6C9}.Release|x86.Deploy.0 = Release|Any CPU
		{C67A1C54-F6CA-4736-8381-056A681C1D1C}.Ad-Hoc|Any CPU.ActiveCfg = Release|Any CPU
		{C67A1C54-F6CA-4736-8381-056A681C1D1C}.Ad-Hoc|Any CPU.Build.0 = Release|Any CPU
		{C67A1C54-F6CA-4736-8381-056A681C1D1C}.Ad-Hoc|ARM.ActiveCfg = Debug|Any CPU
		{C67A1C54-F6CA-4736-8381-056A681C1D1C}.Ad-Hoc|ARM.Build.0 = Debug|Any CPU
		{C67A1C54-F6CA-4736-8381-056A681C1D1C}.Ad-Hoc|iPhone.ActiveCfg = Release|Any CPU
		{C67A1C54-F6CA-4736-8381-056A681C1D1C}.Ad-Hoc|iPhone.Build.0 = Release|Any CPU
		{C67A1C54-F6CA-4736-8381-056A681C1D1C}.Ad-Hoc|iPhoneSimulator.ActiveCfg = Release|Any CPU
		{C67A1C54-F6CA-4736-8381-056A681C1D1C}.Ad-Hoc|iPhoneSimulator.Build.0 = Release|Any CPU
		{C67A1C54-F6CA-4736-8381-056A681C1D1C}.Ad-Hoc|x64.ActiveCfg = Debug|Any CPU
		{C67A1C54-F6CA-4736-8381-056A681C1D1C}.Ad-Hoc|x64.Build.0 = Debug|Any CPU
		{C67A1C54-F6CA-4736-8381-056A681C1D1C}.Ad-Hoc|x86.ActiveCfg = Debug|Any CPU
		{C67A1C54-F6CA-4736-8381-056A681C1D1C}.Ad-Hoc|x86.Build.0 = Debug|Any CPU
		{C67A1C54-F6CA-4736-8381-056A681C1D1C}.AppStore|Any CPU.ActiveCfg = Release|Any CPU
		{C67A1C54-F6CA-4736-8381-056A681C1D1C}.AppStore|Any CPU.Build.0 = Release|Any CPU
		{C67A1C54-F6CA-4736-8381-056A681C1D1C}.AppStore|ARM.ActiveCfg = Debug|Any CPU
		{C67A1C54-F6CA-4736-8381-056A681C1D1C}.AppStore|ARM.Build.0 = Debug|Any CPU
		{C67A1C54-F6CA-4736-8381-056A681C1D1C}.AppStore|iPhone.ActiveCfg = Release|Any CPU
		{C67A1C54-F6CA-4736-8381-056A681C1D1C}.AppStore|iPhone.Build.0 = Release|Any CPU
		{C67A1C54-F6CA-4736-8381-056A681C1D1C}.AppStore|iPhoneSimulator.ActiveCfg = Release|Any CPU
		{C67A1C54-F6CA-4736-8381-056A681C1D1C}.AppStore|iPhoneSimulator.Build.0 = Release|Any CPU
		{C67A1C54-F6CA-4736-8381-056A681C1D1C}.AppStore|x64.ActiveCfg = Debug|Any CPU
		{C67A1C54-F6CA-4736-8381-056A681C1D1C}.AppStore|x64.Build.0 = Debug|Any CPU
		{C67A1C54-F6CA-4736-8381-056A681C1D1C}.AppStore|x86.ActiveCfg = Debug|Any CPU
		{C67A1C54-F6CA-4736-8381-056A681C1D1C}.AppStore|x86.Build.0 = Debug|Any CPU
		{C67A1C54-F6CA-4736-8381-056A681C1D1C}.Debug|Any CPU.ActiveCfg = Debug|Any CPU
		{C67A1C54-F6CA-4736-8381-056A681C1D1C}.Debug|Any CPU.Build.0 = Debug|Any CPU
		{C67A1C54-F6CA-4736-8381-056A681C1D1C}.Debug|ARM.ActiveCfg = Debug|Any CPU
		{C67A1C54-F6CA-4736-8381-056A681C1D1C}.Debug|ARM.Build.0 = Debug|Any CPU
		{C67A1C54-F6CA-4736-8381-056A681C1D1C}.Debug|iPhone.ActiveCfg = Debug|Any CPU
		{C67A1C54-F6CA-4736-8381-056A681C1D1C}.Debug|iPhone.Build.0 = Debug|Any CPU
		{C67A1C54-F6CA-4736-8381-056A681C1D1C}.Debug|iPhoneSimulator.ActiveCfg = Debug|Any CPU
		{C67A1C54-F6CA-4736-8381-056A681C1D1C}.Debug|iPhoneSimulator.Build.0 = Debug|Any CPU
		{C67A1C54-F6CA-4736-8381-056A681C1D1C}.Debug|x64.ActiveCfg = Debug|Any CPU
		{C67A1C54-F6CA-4736-8381-056A681C1D1C}.Debug|x64.Build.0 = Debug|Any CPU
		{C67A1C54-F6CA-4736-8381-056A681C1D1C}.Debug|x86.ActiveCfg = Debug|Any CPU
		{C67A1C54-F6CA-4736-8381-056A681C1D1C}.Debug|x86.Build.0 = Debug|Any CPU
		{C67A1C54-F6CA-4736-8381-056A681C1D1C}.Release|Any CPU.ActiveCfg = Release|Any CPU
		{C67A1C54-F6CA-4736-8381-056A681C1D1C}.Release|Any CPU.Build.0 = Release|Any CPU
		{C67A1C54-F6CA-4736-8381-056A681C1D1C}.Release|ARM.ActiveCfg = Release|Any CPU
		{C67A1C54-F6CA-4736-8381-056A681C1D1C}.Release|ARM.Build.0 = Release|Any CPU
		{C67A1C54-F6CA-4736-8381-056A681C1D1C}.Release|iPhone.ActiveCfg = Release|Any CPU
		{C67A1C54-F6CA-4736-8381-056A681C1D1C}.Release|iPhone.Build.0 = Release|Any CPU
		{C67A1C54-F6CA-4736-8381-056A681C1D1C}.Release|iPhoneSimulator.ActiveCfg = Release|Any CPU
		{C67A1C54-F6CA-4736-8381-056A681C1D1C}.Release|iPhoneSimulator.Build.0 = Release|Any CPU
		{C67A1C54-F6CA-4736-8381-056A681C1D1C}.Release|x64.ActiveCfg = Release|Any CPU
		{C67A1C54-F6CA-4736-8381-056A681C1D1C}.Release|x64.Build.0 = Release|Any CPU
		{C67A1C54-F6CA-4736-8381-056A681C1D1C}.Release|x86.ActiveCfg = Release|Any CPU
		{C67A1C54-F6CA-4736-8381-056A681C1D1C}.Release|x86.Build.0 = Release|Any CPU
		{AEEBBFCD-1664-4D0A-9B75-F876EEE39F78}.Ad-Hoc|Any CPU.ActiveCfg = Ad-Hoc|iPhone
		{AEEBBFCD-1664-4D0A-9B75-F876EEE39F78}.Ad-Hoc|ARM.ActiveCfg = Ad-Hoc|iPhoneSimulator
		{AEEBBFCD-1664-4D0A-9B75-F876EEE39F78}.Ad-Hoc|iPhone.ActiveCfg = Ad-Hoc|iPhone
		{AEEBBFCD-1664-4D0A-9B75-F876EEE39F78}.Ad-Hoc|iPhone.Build.0 = Ad-Hoc|iPhone
		{AEEBBFCD-1664-4D0A-9B75-F876EEE39F78}.Ad-Hoc|iPhoneSimulator.ActiveCfg = Ad-Hoc|iPhoneSimulator
		{AEEBBFCD-1664-4D0A-9B75-F876EEE39F78}.Ad-Hoc|iPhoneSimulator.Build.0 = Ad-Hoc|iPhoneSimulator
		{AEEBBFCD-1664-4D0A-9B75-F876EEE39F78}.Ad-Hoc|x64.ActiveCfg = Ad-Hoc|iPhoneSimulator
		{AEEBBFCD-1664-4D0A-9B75-F876EEE39F78}.Ad-Hoc|x86.ActiveCfg = Ad-Hoc|iPhoneSimulator
		{AEEBBFCD-1664-4D0A-9B75-F876EEE39F78}.AppStore|Any CPU.ActiveCfg = AppStore|iPhone
		{AEEBBFCD-1664-4D0A-9B75-F876EEE39F78}.AppStore|ARM.ActiveCfg = AppStore|iPhoneSimulator
		{AEEBBFCD-1664-4D0A-9B75-F876EEE39F78}.AppStore|iPhone.ActiveCfg = AppStore|iPhone
		{AEEBBFCD-1664-4D0A-9B75-F876EEE39F78}.AppStore|iPhone.Build.0 = AppStore|iPhone
		{AEEBBFCD-1664-4D0A-9B75-F876EEE39F78}.AppStore|iPhoneSimulator.ActiveCfg = AppStore|iPhoneSimulator
		{AEEBBFCD-1664-4D0A-9B75-F876EEE39F78}.AppStore|iPhoneSimulator.Build.0 = AppStore|iPhoneSimulator
		{AEEBBFCD-1664-4D0A-9B75-F876EEE39F78}.AppStore|x64.ActiveCfg = AppStore|iPhoneSimulator
		{AEEBBFCD-1664-4D0A-9B75-F876EEE39F78}.AppStore|x86.ActiveCfg = AppStore|iPhoneSimulator
		{AEEBBFCD-1664-4D0A-9B75-F876EEE39F78}.Debug|Any CPU.ActiveCfg = Debug|iPhone
		{AEEBBFCD-1664-4D0A-9B75-F876EEE39F78}.Debug|ARM.ActiveCfg = Debug|iPhoneSimulator
		{AEEBBFCD-1664-4D0A-9B75-F876EEE39F78}.Debug|iPhone.ActiveCfg = Debug|iPhone
		{AEEBBFCD-1664-4D0A-9B75-F876EEE39F78}.Debug|iPhone.Build.0 = Debug|iPhone
		{AEEBBFCD-1664-4D0A-9B75-F876EEE39F78}.Debug|iPhoneSimulator.ActiveCfg = Debug|iPhoneSimulator
		{AEEBBFCD-1664-4D0A-9B75-F876EEE39F78}.Debug|iPhoneSimulator.Build.0 = Debug|iPhoneSimulator
		{AEEBBFCD-1664-4D0A-9B75-F876EEE39F78}.Debug|x64.ActiveCfg = Debug|iPhoneSimulator
		{AEEBBFCD-1664-4D0A-9B75-F876EEE39F78}.Debug|x86.ActiveCfg = Debug|iPhoneSimulator
		{AEEBBFCD-1664-4D0A-9B75-F876EEE39F78}.Release|Any CPU.ActiveCfg = Release|iPhone
		{AEEBBFCD-1664-4D0A-9B75-F876EEE39F78}.Release|ARM.ActiveCfg = Release|iPhoneSimulator
		{AEEBBFCD-1664-4D0A-9B75-F876EEE39F78}.Release|iPhone.ActiveCfg = Release|iPhone
		{AEEBBFCD-1664-4D0A-9B75-F876EEE39F78}.Release|iPhone.Build.0 = Release|iPhone
		{AEEBBFCD-1664-4D0A-9B75-F876EEE39F78}.Release|iPhoneSimulator.ActiveCfg = Release|iPhoneSimulator
		{AEEBBFCD-1664-4D0A-9B75-F876EEE39F78}.Release|iPhoneSimulator.Build.0 = Release|iPhoneSimulator
		{AEEBBFCD-1664-4D0A-9B75-F876EEE39F78}.Release|x64.ActiveCfg = Release|iPhoneSimulator
		{AEEBBFCD-1664-4D0A-9B75-F876EEE39F78}.Release|x86.ActiveCfg = Release|iPhoneSimulator
		{BF915A0C-3597-4FC8-A9BD-E8034F62C582}.Ad-Hoc|Any CPU.ActiveCfg = Release|x64
		{BF915A0C-3597-4FC8-A9BD-E8034F62C582}.Ad-Hoc|Any CPU.Build.0 = Release|x64
		{BF915A0C-3597-4FC8-A9BD-E8034F62C582}.Ad-Hoc|Any CPU.Deploy.0 = Release|x64
		{BF915A0C-3597-4FC8-A9BD-E8034F62C582}.Ad-Hoc|ARM.ActiveCfg = Release|ARM
		{BF915A0C-3597-4FC8-A9BD-E8034F62C582}.Ad-Hoc|ARM.Build.0 = Release|ARM
		{BF915A0C-3597-4FC8-A9BD-E8034F62C582}.Ad-Hoc|ARM.Deploy.0 = Release|ARM
		{BF915A0C-3597-4FC8-A9BD-E8034F62C582}.Ad-Hoc|iPhone.ActiveCfg = Release|x64
		{BF915A0C-3597-4FC8-A9BD-E8034F62C582}.Ad-Hoc|iPhone.Build.0 = Release|x64
		{BF915A0C-3597-4FC8-A9BD-E8034F62C582}.Ad-Hoc|iPhone.Deploy.0 = Release|x64
		{BF915A0C-3597-4FC8-A9BD-E8034F62C582}.Ad-Hoc|iPhoneSimulator.ActiveCfg = Release|x64
		{BF915A0C-3597-4FC8-A9BD-E8034F62C582}.Ad-Hoc|iPhoneSimulator.Build.0 = Release|x64
		{BF915A0C-3597-4FC8-A9BD-E8034F62C582}.Ad-Hoc|iPhoneSimulator.Deploy.0 = Release|x64
		{BF915A0C-3597-4FC8-A9BD-E8034F62C582}.Ad-Hoc|x64.ActiveCfg = Release|x64
		{BF915A0C-3597-4FC8-A9BD-E8034F62C582}.Ad-Hoc|x64.Build.0 = Release|x64
		{BF915A0C-3597-4FC8-A9BD-E8034F62C582}.Ad-Hoc|x64.Deploy.0 = Release|x64
		{BF915A0C-3597-4FC8-A9BD-E8034F62C582}.Ad-Hoc|x86.ActiveCfg = Release|x86
		{BF915A0C-3597-4FC8-A9BD-E8034F62C582}.Ad-Hoc|x86.Build.0 = Release|x86
		{BF915A0C-3597-4FC8-A9BD-E8034F62C582}.Ad-Hoc|x86.Deploy.0 = Release|x86
		{BF915A0C-3597-4FC8-A9BD-E8034F62C582}.AppStore|Any CPU.ActiveCfg = Release|x64
		{BF915A0C-3597-4FC8-A9BD-E8034F62C582}.AppStore|Any CPU.Build.0 = Release|x64
		{BF915A0C-3597-4FC8-A9BD-E8034F62C582}.AppStore|Any CPU.Deploy.0 = Release|x64
		{BF915A0C-3597-4FC8-A9BD-E8034F62C582}.AppStore|ARM.ActiveCfg = Release|ARM
		{BF915A0C-3597-4FC8-A9BD-E8034F62C582}.AppStore|ARM.Build.0 = Release|ARM
		{BF915A0C-3597-4FC8-A9BD-E8034F62C582}.AppStore|ARM.Deploy.0 = Release|ARM
		{BF915A0C-3597-4FC8-A9BD-E8034F62C582}.AppStore|iPhone.ActiveCfg = Release|x64
		{BF915A0C-3597-4FC8-A9BD-E8034F62C582}.AppStore|iPhone.Build.0 = Release|x64
		{BF915A0C-3597-4FC8-A9BD-E8034F62C582}.AppStore|iPhone.Deploy.0 = Release|x64
		{BF915A0C-3597-4FC8-A9BD-E8034F62C582}.AppStore|iPhoneSimulator.ActiveCfg = Release|x64
		{BF915A0C-3597-4FC8-A9BD-E8034F62C582}.AppStore|iPhoneSimulator.Build.0 = Release|x64
		{BF915A0C-3597-4FC8-A9BD-E8034F62C582}.AppStore|iPhoneSimulator.Deploy.0 = Release|x64
		{BF915A0C-3597-4FC8-A9BD-E8034F62C582}.AppStore|x64.ActiveCfg = Release|x64
		{BF915A0C-3597-4FC8-A9BD-E8034F62C582}.AppStore|x64.Build.0 = Release|x64
		{BF915A0C-3597-4FC8-A9BD-E8034F62C582}.AppStore|x64.Deploy.0 = Release|x64
		{BF915A0C-3597-4FC8-A9BD-E8034F62C582}.AppStore|x86.ActiveCfg = Release|x86
		{BF915A0C-3597-4FC8-A9BD-E8034F62C582}.AppStore|x86.Build.0 = Release|x86
		{BF915A0C-3597-4FC8-A9BD-E8034F62C582}.AppStore|x86.Deploy.0 = Release|x86
		{BF915A0C-3597-4FC8-A9BD-E8034F62C582}.Debug|Any CPU.ActiveCfg = Debug|x86
		{BF915A0C-3597-4FC8-A9BD-E8034F62C582}.Debug|ARM.ActiveCfg = Debug|ARM
		{BF915A0C-3597-4FC8-A9BD-E8034F62C582}.Debug|ARM.Build.0 = Debug|ARM
		{BF915A0C-3597-4FC8-A9BD-E8034F62C582}.Debug|ARM.Deploy.0 = Debug|ARM
		{BF915A0C-3597-4FC8-A9BD-E8034F62C582}.Debug|iPhone.ActiveCfg = Debug|x86
		{BF915A0C-3597-4FC8-A9BD-E8034F62C582}.Debug|iPhoneSimulator.ActiveCfg = Debug|x86
		{BF915A0C-3597-4FC8-A9BD-E8034F62C582}.Debug|x64.ActiveCfg = Debug|x64
		{BF915A0C-3597-4FC8-A9BD-E8034F62C582}.Debug|x64.Build.0 = Debug|x64
		{BF915A0C-3597-4FC8-A9BD-E8034F62C582}.Debug|x64.Deploy.0 = Debug|x64
		{BF915A0C-3597-4FC8-A9BD-E8034F62C582}.Debug|x86.ActiveCfg = Debug|x86
		{BF915A0C-3597-4FC8-A9BD-E8034F62C582}.Debug|x86.Build.0 = Debug|x86
		{BF915A0C-3597-4FC8-A9BD-E8034F62C582}.Debug|x86.Deploy.0 = Debug|x86
		{BF915A0C-3597-4FC8-A9BD-E8034F62C582}.Release|Any CPU.ActiveCfg = Release|x86
		{BF915A0C-3597-4FC8-A9BD-E8034F62C582}.Release|ARM.ActiveCfg = Release|ARM
		{BF915A0C-3597-4FC8-A9BD-E8034F62C582}.Release|ARM.Build.0 = Release|ARM
		{BF915A0C-3597-4FC8-A9BD-E8034F62C582}.Release|ARM.Deploy.0 = Release|ARM
		{BF915A0C-3597-4FC8-A9BD-E8034F62C582}.Release|iPhone.ActiveCfg = Release|x86
		{BF915A0C-3597-4FC8-A9BD-E8034F62C582}.Release|iPhoneSimulator.ActiveCfg = Release|x86
		{BF915A0C-3597-4FC8-A9BD-E8034F62C582}.Release|x64.ActiveCfg = Release|x64
		{BF915A0C-3597-4FC8-A9BD-E8034F62C582}.Release|x64.Build.0 = Release|x64
		{BF915A0C-3597-4FC8-A9BD-E8034F62C582}.Release|x64.Deploy.0 = Release|x64
		{BF915A0C-3597-4FC8-A9BD-E8034F62C582}.Release|x86.ActiveCfg = Release|x86
		{BF915A0C-3597-4FC8-A9BD-E8034F62C582}.Release|x86.Build.0 = Release|x86
		{BF915A0C-3597-4FC8-A9BD-E8034F62C582}.Release|x86.Deploy.0 = Release|x86
	EndGlobalSection
	GlobalSection(SolutionProperties) = preSolution
		HideSolutionNode = FALSE
	EndGlobalSection
	GlobalSection(ExtensibilityGlobals) = postSolution
		SolutionGuid = {995D68EA-6BC1-4C6E-9614-840ECBC68D76}
	EndGlobalSection
EndGlobal
